
Microsoft Visual Studio Solution File, Format Version 12.00
# Visual Studio Version 17
VisualStudioVersion = 17.5.33424.131
MinimumVisualStudioVersion = 10.0.40219.1
Project("{FAE04EC0-301F-11D3-BF4B-00C04F79EFBC}") = "LeaveManagement.Web", "LeaveManagement.Web\LeaveManagement.Web.csproj", "{27BED574-5D75-4F2C-AF53-A8782B34ED04}"
EndProject
Global
	GlobalSection(SolutionConfigurationPlatforms) = preSolution
		Debug|Any CPU = Debug|Any CPU
		Release|Any CPU = Release|Any CPU
	EndGlobalSection
	GlobalSection(ProjectConfigurationPlatforms) = postSolution
		{27BED574-5D75-4F2C-AF53-A8782B34ED04}.Debug|Any CPU.ActiveCfg = Debug|Any CPU
		{27BED574-5D75-4F2C-AF53-A8782B34ED04}.Debug|Any CPU.Build.0 = Debug|Any CPU
		{27BED574-5D75-4F2C-AF53-A8782B34ED04}.Release|Any CPU.ActiveCfg = Release|Any CPU
		{27BED574-5D75-4F2C-AF53-A8782B34ED04}.Release|Any CPU.Build.0 = Release|Any CPU
	EndGlobalSection
	GlobalSection(SolutionProperties) = preSolution
		HideSolutionNode = FALSE
	EndGlobalSection
	GlobalSection(ExtensibilityGlobals) = postSolution
		SolutionGuid = {C7860663-A38A-4E25-8B3A-7A94EDAA5D8D}
	EndGlobalSection
EndGlobal
